
Microsoft Visual Studio Solution File, Format Version 12.00
# Visual Studio 15
VisualStudioVersion = 15.0.35431.46
MinimumVisualStudioVersion = 10.0.40219.1
Project("{FAE04EC0-301F-11D3-BF4B-00C04F79EFBC}") = "Login And Register Page", "Login And Register Page\Login And Register Page.csproj", "{D18A641E-B912-4D93-8BE6-A1870CA0DB47}"
EndProject
Global
	GlobalSection(SolutionConfigurationPlatforms) = preSolution
		Debug|Any CPU = Debug|Any CPU
		Release|Any CPU = Release|Any CPU
	EndGlobalSection
	GlobalSection(ProjectConfigurationPlatforms) = postSolution
		{D18A641E-B912-4D93-8BE6-A1870CA0DB47}.Debug|Any CPU.ActiveCfg = Debug|Any CPU
		{D18A641E-B912-4D93-8BE6-A1870CA0DB47}.Debug|Any CPU.Build.0 = Debug|Any CPU
		{D18A641E-B912-4D93-8BE6-A1870CA0DB47}.Release|Any CPU.ActiveCfg = Release|Any CPU
		{D18A641E-B912-4D93-8BE6-A1870CA0DB47}.Release|Any CPU.Build.0 = Release|Any CPU
	EndGlobalSection
	GlobalSection(SolutionProperties) = preSolution
		HideSolutionNode = FALSE
	EndGlobalSection
	GlobalSection(ExtensibilityGlobals) = postSolution
		SolutionGuid = {55E7AAFA-2452-4B2F-9AD2-42B55AE4FF46}
	EndGlobalSection
EndGlobal
